lockfileVersion: 5.3

overrides:
  bin-wrapper: npm:bin-wrapper-china
  rollup: ^2.56.3

specifiers:
  '@ant-design/colors': ^6.0.0
  '@ant-design/icons-vue': ^6.0.1
  '@commitlint/cli': ^14.1.0
  '@commitlint/config-conventional': ^14.1.0
  '@iconify/iconify': ^2.0.4
  '@iconify/json': ^1.1.422
  '@logicflow/core': ^0.7.2
  '@logicflow/extension': ^0.7.2
  '@purge-icons/generated': ^0.7.0
  '@types/codemirror': ^5.60.5
  '@types/crypto-js': ^4.0.2
  '@types/fs-extra': ^9.0.13
  '@types/inquirer': ^8.1.3
  '@types/intro.js': ^3.0.2
  '@types/jest': ^27.0.2
  '@types/lodash-es': ^4.17.5
  '@types/mockjs': ^1.0.4
  '@types/node': ^16.11.6
  '@types/nprogress': ^0.2.0
  '@types/qrcode': ^1.4.1
  '@types/qs': ^6.9.7
  '@types/showdown': ^1.9.4
  '@types/sortablejs': ^1.10.7
  '@typescript-eslint/eslint-plugin': ^5.3.0
  '@typescript-eslint/parser': ^5.3.0
  '@vitejs/plugin-legacy': ^1.6.2
  '@vitejs/plugin-vue': ^1.9.4
  '@vitejs/plugin-vue-jsx': ^1.2.0
  '@vue/compiler-sfc': 3.2.21
  '@vue/test-utils': ^2.0.0-rc.16
  '@vueuse/core': ^6.7.4
  '@vueuse/shared': ^6.7.4
  '@zxcvbn-ts/core': ^1.0.0-beta.0
  ant-design-vue: 2.2.8
  autoprefixer: ^10.4.0
  axios: ^0.24.0
  codemirror: ^5.63.3
  commitizen: ^4.2.4
  conventional-changelog-cli: ^2.1.1
  cropperjs: ^1.5.12
  cross-env: ^7.0.3
  crypto-js: ^4.1.1
  dotenv: ^10.0.0
  echarts: ^5.2.2
  eslint: ^8.1.0
  eslint-config-prettier: ^8.3.0
  eslint-define-config: ^1.1.2
  eslint-plugin-jest: ^25.2.2
  eslint-plugin-prettier: ^4.0.0
  eslint-plugin-vue: ^8.0.3
  esno: ^0.10.1
  fs-extra: ^10.0.0
  husky: ^7.0.4
  inquirer: ^8.2.0
  intro.js: ^4.2.2
  jest: ^27.3.1
  less: ^4.1.2
  lint-staged: 11.2.6
  lodash-es: ^4.17.21
  mockjs: ^1.1.0
  moment: ^2.29.1
  npm-run-all: ^4.1.5
  nprogress: ^0.2.0
  path-to-regexp: ^6.2.0
  pinia: 2.0.0
  postcss: ^8.3.11
  postcss-html: ^1.2.0
  postcss-less: ^5.0.0
  prettier: ^2.4.1
  print-js: ^1.6.0
  qrcode: ^1.4.4
  qs: ^6.10.1
  resize-observer-polyfill: ^1.5.1
  rimraf: ^3.0.2
  rollup-plugin-visualizer: ^5.5.2
  showdown: ^1.9.1
  sortablejs: ^1.14.0
  stylelint: ^14.0.1
  stylelint-config-html: ^1.0.0
  stylelint-config-prettier: ^9.0.3
  stylelint-config-standard: ^23.0.0
  stylelint-order: ^5.0.0
  tinymce: ^5.10.0
  ts-jest: ^27.0.7
  ts-node: ^10.4.0
  typescript: ^4.4.4
  vditor: ^3.8.7
  vite: ^2.6.13
  vite-plugin-compression: ^0.3.5
  vite-plugin-html: ^2.1.1
  vite-plugin-imagemin: ^0.4.6
  vite-plugin-mock: ^2.9.6
  vite-plugin-purge-icons: ^0.7.0
  vite-plugin-pwa: ^0.11.3
  vite-plugin-style-import: ^1.3.0
  vite-plugin-svg-icons: ^1.0.5
  vite-plugin-theme: ^0.8.1
  vite-plugin-vue-setup-extend: ^0.1.0
  vite-plugin-windicss: ^1.4.12
  vue: ^3.2.21
  vue-eslint-parser: ^8.0.1
  vue-i18n: ^9.1.9
  vue-json-pretty: ^2.0.4
  vue-router: ^4.0.12
  vue-tsc: ^0.28.10
  vue-types: ^4.1.1
  xlsx: ^0.17.3

dependencies:
  '@ant-design/colors': 6.0.0
  '@ant-design/icons-vue': 6.0.1_vue@3.2.21
  '@iconify/iconify': 2.0.4
  '@logicflow/core': 0.7.2
  '@logicflow/extension': 0.7.2
  '@vueuse/core': 6.7.4_vue@3.2.21
  '@vueuse/shared': 6.7.4_vue@3.2.21
  '@zxcvbn-ts/core': 1.0.0-beta.0
  ant-design-vue: 2.2.8_076477a87ad5f7673ec470dd8ffa7935
  axios: 0.24.0
  codemirror: 5.63.3
  cropperjs: 1.5.12
  crypto-js: 4.1.1
  echarts: 5.2.2
  intro.js: 4.2.2
  lodash-es: 4.17.21
  mockjs: 1.1.0
  moment: 2.29.1
  nprogress: 0.2.0
  path-to-regexp: 6.2.0
  pinia: 2.0.0_typescript@4.4.4+vue@3.2.21
  print-js: 1.6.0
  qrcode: 1.4.4
  qs: 6.10.1
  resize-observer-polyfill: 1.5.1
  showdown: 1.9.1
  sortablejs: 1.14.0
  tinymce: 5.10.0
  vditor: 3.8.7
  vue: 3.2.21
  vue-i18n: 9.1.9_vue@3.2.21
  vue-json-pretty: 2.0.4_vue@3.2.21
  vue-router: 4.0.12_vue@3.2.21
  vue-types: 4.1.1_vue@3.2.21
  xlsx: 0.17.3

devDependencies:
  '@commitlint/cli': 14.1.0
  '@commitlint/config-conventional': 14.1.0
  '@iconify/json': 1.1.422
  '@purge-icons/generated': 0.7.0
  '@types/codemirror': 5.60.5
  '@types/crypto-js': 4.0.2
  '@types/fs-extra': 9.0.13
  '@types/inquirer': 8.1.3
  '@types/intro.js': 3.0.2
  '@types/jest': 27.0.2
  '@types/lodash-es': 4.17.5
  '@types/mockjs': 1.0.4
  '@types/node': 16.11.6
  '@types/nprogress': 0.2.0
  '@types/qrcode': 1.4.1
  '@types/qs': 6.9.7
  '@types/showdown': 1.9.4
  '@types/sortablejs': 1.10.7
  '@typescript-eslint/eslint-plugin': 5.3.0_f8873316f48f7781ccc3e081fc76e214
  '@typescript-eslint/parser': 5.3.0_eslint@8.1.0+typescript@4.4.4
  '@vitejs/plugin-legacy': 1.6.2_vite@2.6.13
  '@vitejs/plugin-vue': 1.9.4_vite@2.6.13
  '@vitejs/plugin-vue-jsx': 1.2.0
  '@vue/compiler-sfc': 3.2.21
  '@vue/test-utils': 2.0.0-rc.16_vue@3.2.21
  autoprefixer: 10.4.0_postcss@8.3.11
  commitizen: 4.2.4
  conventional-changelog-cli: 2.1.1
  cross-env: 7.0.3
  dotenv: 10.0.0
  eslint: 8.1.0
  eslint-config-prettier: 8.3.0_eslint@8.1.0
  eslint-define-config: 1.1.2
  eslint-plugin-jest: 25.2.2_8b83960a909347b56897443063930486
  eslint-plugin-prettier: 4.0.0_850528f9ec3c0797b9b19a94a36b5ba3
  eslint-plugin-vue: 8.0.3_eslint@8.1.0
  esno: 0.10.1
  fs-extra: 10.0.0
  husky: 7.0.4
  inquirer: 8.2.0
  jest: 27.3.1_ts-node@10.4.0
  less: 4.1.2
  lint-staged: 11.2.6
  npm-run-all: 4.1.5
  postcss: 8.3.11
  postcss-html: 1.2.0
  postcss-less: 5.0.0
  prettier: 2.4.1
  rimraf: 3.0.2
  rollup-plugin-visualizer: 5.5.2
  stylelint: 14.0.1
  stylelint-config-html: 1.0.0_a00c61ac027be5fe35af9f500c0c4be2
  stylelint-config-prettier: 9.0.3_stylelint@14.0.1
  stylelint-config-standard: 23.0.0_stylelint@14.0.1
  stylelint-order: 5.0.0_stylelint@14.0.1
  ts-jest: 27.0.7_2c4ca6574207836d1023f54689cc81ac
  ts-node: 10.4.0_0cb88d80cb04d25b21fa3ec194608c65
  typescript: 4.4.4
  vite: 2.6.13_less@4.1.2
  vite-plugin-compression: 0.3.5_vite@2.6.13
  vite-plugin-html: 2.1.1_vite@2.6.13
  vite-plugin-imagemin: 0.4.6_vite@2.6.13
  vite-plugin-mock: 2.9.6_mockjs@1.1.0+vite@2.6.13
  vite-plugin-purge-icons: 0.7.0_vite@2.6.13
  vite-plugin-pwa: 0.11.3_vite@2.6.13
  vite-plugin-style-import: 1.3.0_vite@2.6.13
  vite-plugin-svg-icons: 1.0.5_vite@2.6.13
  vite-plugin-theme: 0.8.1_vite@2.6.13
  vite-plugin-vue-setup-extend: 0.1.0_vite@2.6.13
  vite-plugin-windicss: 1.4.12_vite@2.6.13
  vue-eslint-parser: 8.0.1_eslint@8.1.0
  vue-tsc: 0.28.10_typescript@4.4.4

packages:
  /@babel/helper-compilation-targets/7.16.0_@babel+core@7.16.0:
    resolution: {integrity: sha512-S7iaOT1SYlqK0sQaCi21RX4+13hmdmnxIEAnQUB/eh7GeAnRjOUgTYpLkUOiRXzD+yog1JxP0qyAQZ7ZxVxLVg==}
    engines: {node: '>=6.9.0'}
    peerDependencies:
      '@babel/core': ^7.0.0
    dependencies:
      '@babel/compat-data': 7.16.0
      '@babel/core': 7.16.0
      '@babel/helper-validator-option': 7.14.5
      browserslist: 4.17.5
      semver: 6.3.0
    dev: true
  registry.npmmirror.com/@commitlint/load/14.1.0:
    resolution: {integrity: sha512-p+HbgjhkqLsnxyjOUdEYHztHCp8n2oLVUJTmRPuP5FXLNevh6Gwmxf+NYC2J0sgD084aV2CFi3qu1W4yHWIknA==, registry: https://registry.npm.taobao.org/, tarball: https://registry.npmmirror.com/@commitlint/load/-/load-14.1.0.tgz}
    name: '@commitlint/load'
    version: 14.1.0
    engines: {node: '>=v12'}
    requiresBuild: true
    dependencies:
      '@commitlint/execute-rule': 14.0.0
      '@commitlint/resolve-extends': 14.1.0
      '@commitlint/types': 14.0.0
      '@endemolshinegroup/cosmiconfig-typescript-loader': 3.0.2_3fdcc7bc724bd900a681b5e9457ed94a
      chalk: 4.1.2
      cosmiconfig: 7.0.1
      lodash: 4.17.21
      resolve-from: 5.0.0
      typescript: 4.4.4
    dev: true
    optional: true
